
Microsoft Visual Studio Solution File, Format Version 12.00
# Visual Studio 15
VisualStudioVersion = 15.0.28307.1500
MinimumVisualStudioVersion = 10.0.40219.1
Project("{FAE04EC0-301F-11D3-BF4B-00C04F79EFBC}") = "EXERCICIOS_PROPOSTOS_VETOR_2", "EXERCICIOS_PROPOSTOS_VETOR_2\EXERCICIOS_PROPOSTOS_VETOR_2.csproj", "{A82B76F4-A8AB-403C-9FEB-7432EED992AF}"
EndProject
Global
	GlobalSection(SolutionConfigurationPlatforms) = preSolution
		Debug|Any CPU = Debug|Any CPU
		Release|Any CPU = Release|Any CPU
	EndGlobalSection
	GlobalSection(ProjectConfigurationPlatforms) = postSolution
		{A82B76F4-A8AB-403C-9FEB-7432EED992AF}.Debug|Any CPU.ActiveCfg = Debug|Any CPU
		{A82B76F4-A8AB-403C-9FEB-7432EED992AF}.Debug|Any CPU.Build.0 = Debug|Any CPU
		{A82B76F4-A8AB-403C-9FEB-7432EED992AF}.Release|Any CPU.ActiveCfg = Release|Any CPU
		{A82B76F4-A8AB-403C-9FEB-7432EED992AF}.Release|Any CPU.Build.0 = Release|Any CPU
	EndGlobalSection
	GlobalSection(SolutionProperties) = preSolution
		HideSolutionNode = FALSE
	EndGlobalSection
	GlobalSection(ExtensibilityGlobals) = postSolution
		SolutionGuid = {39D08069-8A79-4EB8-847C-4FF084700A0D}
	EndGlobalSection
EndGlobal
